
Microsoft Visual Studio Solution File, Format Version 12.00
# Visual Studio 15
VisualStudioVersion = 15.0.28010.2048
MinimumVisualStudioVersion = 10.0.40219.1
Project("{FAE04EC0-301F-11D3-BF4B-00C04F79EFBC}") = "FirstApp", "FirstApp\FirstApp.csproj", "{F712CE19-03D9-4970-8624-375EE4C3E85E}"
EndProject
Global
	GlobalSection(SolutionConfigurationPlatforms) = preSolution
		Debug|Any CPU = Debug|Any CPU
		Release|Any CPU = Release|Any CPU
	EndGlobalSection
	GlobalSection(ProjectConfigurationPlatforms) = postSolution
		{F712CE19-03D9-4970-8624-375EE4C3E85E}.Debug|Any CPU.ActiveCfg = Debug|Any CPU
		{F712CE19-03D9-4970-8624-375EE4C3E85E}.Debug|Any CPU.Build.0 = Debug|Any CPU
		{F712CE19-03D9-4970-8624-375EE4C3E85E}.Release|Any CPU.ActiveCfg = Release|Any CPU
		{F712CE19-03D9-4970-8624-375EE4C3E85E}.Release|Any CPU.Build.0 = Release|Any CPU
	EndGlobalSection
	GlobalSection(SolutionProperties) = preSolution
		HideSolutionNode = FALSE
	EndGlobalSection
	GlobalSection(ExtensibilityGlobals) = postSolution
		SolutionGuid = {426ED5EC-09EE-4F1E-A9E3-6D63E9085832}
	EndGlobalSection
EndGlobal
